lockfileVersion: '9.0'

settings:
  autoInstallPeers: true
  excludeLinksFromLockfile: false

importers:

  .:
    dependencies:
      '@types/node':
        specifier: ^20.12.13
        version: 20.12.13
      toml:
        specifier: ^3.0.0
        version: 3.0.0
      zod:
        specifier: ^3.23.8
        version: 3.23.8
    devDependencies:
      prettier:
        specifier: 3.2.5
        version: 3.2.5
      prettier-plugin-toml:
        specifier: ^2.0.1
        version: 2.0.1(prettier@3.2.5)
      typescript:
        specifier: ^5.4.5
        version: 5.4.5

packages:

  '@taplo/core@0.1.1':
    resolution: {integrity: sha512-BG/zLGf5wiNXGEVPvUAAX/4ilB3PwDUY2o0MV0y47mZbDZ9ad9UK/cIQsILat3bqbPJsALVbU6k3cskNZ3vAQg==}

  '@taplo/lib@0.4.0-alpha.2':
    resolution: {integrity: sha512-DV/Re3DPVY+BhBtLZ3dmP4mP6YMLSsgq9qGLXwOV38lvNF/fBlgvQswzlXmzCEefL/3q2eMoefZpOI/+GLuCNA==}

  '@types/node@20.12.13':
    resolution: {integrity: sha512-gBGeanV41c1L171rR7wjbMiEpEI/l5XFQdLLfhr/REwpgDy/4U8y89+i8kRiLzDyZdOkXh+cRaTetUnCYutoXA==}

  prettier-plugin-toml@2.0.1:
    resolution: {integrity: sha512-99z1YOkViECHtXQjGIigd3talI/ybUI1zB3yniAwUrlWBXupNXThB1hM6bwSMUEj2/+tomTlMtT98F5t4s8IWA==}
    engines: {node: '>=16.0.0'}
    peerDependencies:
      prettier: ^3.0.3

  prettier@3.2.5:
    resolution: {integrity: sha512-3/GWa9aOC0YeD7LUfvOG2NiDyhOWRvt1k+rcKhOuYnMY24iiCphgneUfJDyFXd6rZCAnuLBv6UeAULtrhT/F4A==}
    engines: {node: '>=14'}
    hasBin: true

  toml@3.0.0:
    resolution: {integrity: sha512-y/mWCZinnvxjTKYhJ+pYxwD0mRLVvOtdS2Awbgxln6iEnt4rk0yBxeSBHkGJcPucRiG0e55mwWp+g/05rsrd6w==}

  typescript@5.4.5:
    resolution: {integrity: sha512-vcI4UpRgg81oIRUFwR0WSIHKt11nJ7SAVlYNIu+QpqeyXP+gpQJy/Z4+F0aGxSE4MqwjyXvW/TzgkLAx2AGHwQ==}
    engines: {node: '>=14.17'}
    hasBin: true

  undici-types@5.26.5:
    resolution: {integrity: sha512-JlCMO+ehdEIKqlFxk6IfVoAUVmgz7cU7zD/h9XZ0qzeosSHmUJVOzSQvvYSYWXkFXC+IfLKSIffhv0sVZup6pA==}

  zod@3.23.8:
    resolution: {integrity: sha512-XBx9AXhXktjUqnepgTiE5flcKIYWi/rme0Eaj+5Y0lftuGBq+jyRu/md4WnuxqgP1ubdpNCsYEYPxrzVHD8d6g==}

snapshots:

  '@taplo/core@0.1.1': {}

  '@taplo/lib@0.4.0-alpha.2':
    dependencies:
      '@taplo/core': 0.1.1

  '@types/node@20.12.13':
    dependencies:
      undici-types: 5.26.5

  prettier-plugin-toml@2.0.1(prettier@3.2.5):
    dependencies:
      '@taplo/lib': 0.4.0-alpha.2
      prettier: 3.2.5

  prettier@3.2.5: {}

  toml@3.0.0: {}

  typescript@5.4.5: {}

  undici-types@5.26.5: {}

  zod@3.23.8: {}
